
Microsoft Visual Studio Solution File, Format Version 12.00
Project("{FAE04EC0-301F-11D3-BF4B-00C04F79EFBC}") = "Factorial", "Factorial\Factorial.csproj", "{3786F242-7105-4175-9F3F-92900E624E57}"
EndProject
Project("{2150E333-8FDC-42A3-9474-1A3956D46DE8}") = "Task1", "Task1", "{75CFECE1-FE2B-489B-8D14-ECACE98C123D}"
EndProject
Project("{2150E333-8FDC-42A3-9474-1A3956D46DE8}") = "Task2", "Task2", "{D2F99F62-5417-4B89-BD90-7F7F4A637CC7}"
EndProject
Project("{2150E333-8FDC-42A3-9474-1A3956D46DE8}") = "Task3", "Task3", "{7924F475-0543-45E2-BCC3-3DDEEE0DC446}"
EndProject
Project("{2150E333-8FDC-42A3-9474-1A3956D46DE8}") = "Task4", "Task4", "{917ECA0E-60C3-4A09-A771-B11BBE8AF046}"
EndProject
Project("{2150E333-8FDC-42A3-9474-1A3956D46DE8}") = "Task5", "Task5", "{E0174122-F4E0-41EF-8060-D4CD0711D5B3}"
EndProject
Project("{FAE04EC0-301F-11D3-BF4B-00C04F79EFBC}") = "TestFactorial", "TestFactorial\TestFactorial.csproj", "{65F0B803-D70E-499F-A207-735B517FEB55}"
EndProject
Project("{FAE04EC0-301F-11D3-BF4B-00C04F79EFBC}") = "ReverseNumber", "ReverseNumber\ReverseNumber.csproj", "{FAB96A87-14EF-4B4C-A0C8-91BD6CF0FC55}"
EndProject
Project("{FAE04EC0-301F-11D3-BF4B-00C04F79EFBC}") = "TestReverseNumber", "TestReverseNumber\TestReverseNumber.csproj", "{4716243A-A088-464A-A429-5EB37A459ABA}"
EndProject
Project("{FAE04EC0-301F-11D3-BF4B-00C04F79EFBC}") = "Matrix", "Matrix\Matrix.csproj", "{E10DF171-31A8-450C-8264-4B31408A5C04}"
EndProject
Project("{FAE04EC0-301F-11D3-BF4B-00C04F79EFBC}") = "TestMatrix", "TestMatrix\TestMatrix.csproj", "{22E7CBAB-1242-45B6-B1CE-BB43EBE99CFA}"
EndProject
Project("{FAE04EC0-301F-11D3-BF4B-00C04F79EFBC}") = "Task5", "Task5\Task5\Task5.csproj", "{A3D03FB7-A8A2-41C9-8F1F-D32C4EC578B2}"
EndProject
Global
	GlobalSection(SolutionConfigurationPlatforms) = preSolution
		Debug|Any CPU = Debug|Any CPU
		Release|Any CPU = Release|Any CPU
	EndGlobalSection
	GlobalSection(ProjectConfigurationPlatforms) = postSolution
		{3786F242-7105-4175-9F3F-92900E624E57}.Debug|Any CPU.ActiveCfg = Debug|Any CPU
		{3786F242-7105-4175-9F3F-92900E624E57}.Debug|Any CPU.Build.0 = Debug|Any CPU
		{3786F242-7105-4175-9F3F-92900E624E57}.Release|Any CPU.ActiveCfg = Release|Any CPU
		{3786F242-7105-4175-9F3F-92900E624E57}.Release|Any CPU.Build.0 = Release|Any CPU
		{65F0B803-D70E-499F-A207-735B517FEB55}.Debug|Any CPU.ActiveCfg = Debug|Any CPU
		{65F0B803-D70E-499F-A207-735B517FEB55}.Debug|Any CPU.Build.0 = Debug|Any CPU
		{65F0B803-D70E-499F-A207-735B517FEB55}.Release|Any CPU.ActiveCfg = Release|Any CPU
		{65F0B803-D70E-499F-A207-735B517FEB55}.Release|Any CPU.Build.0 = Release|Any CPU
		{FAB96A87-14EF-4B4C-A0C8-91BD6CF0FC55}.Debug|Any CPU.ActiveCfg = Debug|Any CPU
		{FAB96A87-14EF-4B4C-A0C8-91BD6CF0FC55}.Debug|Any CPU.Build.0 = Debug|Any CPU
		{FAB96A87-14EF-4B4C-A0C8-91BD6CF0FC55}.Release|Any CPU.ActiveCfg = Release|Any CPU
		{FAB96A87-14EF-4B4C-A0C8-91BD6CF0FC55}.Release|Any CPU.Build.0 = Release|Any CPU
		{4716243A-A088-464A-A429-5EB37A459ABA}.Debug|Any CPU.ActiveCfg = Debug|Any CPU
		{4716243A-A088-464A-A429-5EB37A459ABA}.Debug|Any CPU.Build.0 = Debug|Any CPU
		{4716243A-A088-464A-A429-5EB37A459ABA}.Release|Any CPU.ActiveCfg = Release|Any CPU
		{4716243A-A088-464A-A429-5EB37A459ABA}.Release|Any CPU.Build.0 = Release|Any CPU
		{E10DF171-31A8-450C-8264-4B31408A5C04}.Debug|Any CPU.ActiveCfg = Debug|Any CPU
		{E10DF171-31A8-450C-8264-4B31408A5C04}.Debug|Any CPU.Build.0 = Debug|Any CPU
		{E10DF171-31A8-450C-8264-4B31408A5C04}.Release|Any CPU.ActiveCfg = Release|Any CPU
		{E10DF171-31A8-450C-8264-4B31408A5C04}.Release|Any CPU.Build.0 = Release|Any CPU
		{22E7CBAB-1242-45B6-B1CE-BB43EBE99CFA}.Debug|Any CPU.ActiveCfg = Debug|Any CPU
		{22E7CBAB-1242-45B6-B1CE-BB43EBE99CFA}.Debug|Any CPU.Build.0 = Debug|Any CPU
		{22E7CBAB-1242-45B6-B1CE-BB43EBE99CFA}.Release|Any CPU.ActiveCfg = Release|Any CPU
		{22E7CBAB-1242-45B6-B1CE-BB43EBE99CFA}.Release|Any CPU.Build.0 = Release|Any CPU
		{A3D03FB7-A8A2-41C9-8F1F-D32C4EC578B2}.Debug|Any CPU.ActiveCfg = Debug|Any CPU
		{A3D03FB7-A8A2-41C9-8F1F-D32C4EC578B2}.Debug|Any CPU.Build.0 = Debug|Any CPU
		{A3D03FB7-A8A2-41C9-8F1F-D32C4EC578B2}.Release|Any CPU.ActiveCfg = Release|Any CPU
		{A3D03FB7-A8A2-41C9-8F1F-D32C4EC578B2}.Release|Any CPU.Build.0 = Release|Any CPU
	EndGlobalSection
	GlobalSection(NestedProjects) = preSolution
		{3786F242-7105-4175-9F3F-92900E624E57} = {75CFECE1-FE2B-489B-8D14-ECACE98C123D}
		{65F0B803-D70E-499F-A207-735B517FEB55} = {75CFECE1-FE2B-489B-8D14-ECACE98C123D}
		{FAB96A87-14EF-4B4C-A0C8-91BD6CF0FC55} = {D2F99F62-5417-4B89-BD90-7F7F4A637CC7}
		{4716243A-A088-464A-A429-5EB37A459ABA} = {D2F99F62-5417-4B89-BD90-7F7F4A637CC7}
		{E10DF171-31A8-450C-8264-4B31408A5C04} = {917ECA0E-60C3-4A09-A771-B11BBE8AF046}
		{22E7CBAB-1242-45B6-B1CE-BB43EBE99CFA} = {917ECA0E-60C3-4A09-A771-B11BBE8AF046}
		{A3D03FB7-A8A2-41C9-8F1F-D32C4EC578B2} = {E0174122-F4E0-41EF-8060-D4CD0711D5B3}
	EndGlobalSection
EndGlobal
